github.com/d2r2/go-dht v0.0.0-20200119175940-4ba96621a218 h1:z3u7ZAkBvqHD2zaECn0qd1BwMCTiAYcQjFdU8vflVHo=
github.com/d2r2/go-dht v0.0.0-20200119175940-4ba96621a218/go.mod h1:AzSqP4S4/6pINOKg3VC79WC7YY3zskQcrXMFzphCry0=
github.com/d2r2/go-logger v0.0.0-20210606094344-60e9d1233e22 h1:nO+SY4KOMsF/LsZ5EtbSKhiT3M6sv/igo2PEru/xEHI=
github.com/d2r2/go-logger v0.0.0-20210606094344-60e9d1233e22/go.mod h1:eSx+YfcVy5vCjRZBNIhpIpfCGFMQ6XSOSQkDk7+VCpg=
github.com/d2r2/go-shell v0.0.0-20211022052110-f591c27e3e2e h1:6rbw4kecquuE5mELvn9DJqrFfTLkeITQSkv8chVAX2Q=
github.com/d2r2/go-shell v0.0.0-20211022052110-f591c27e3e2e/go.mod h1:yqtlOXB0bWzWgM4wZ9BdZ75OmXSiFYSKrZ3TZlPaePQ=
github.com/davecgh/go-spew v1.1.1 h1:vj9j/u1bqnvCEfJOwUhtlOARqs3+rkHYY13jYWTU97c=
github.com/davecgh/go-spew v1.1.1/go.mod h1:J7Y8YcW2NihsgmVo/mv3lAwl/skON4iLHjSsI+c5H38=
github.com/davecheney/i2c v0.0.0-20140823063045-caf08501bef2 h1:dJlrNN+WwRQae3jpM5U4K/YEug8H70UJ81qFTIW8OWw=
github.com/davecheney/i2c v0.0.0-20140823063045-caf08501bef2/go.mod h1:dLsKZHRI/M1y9t45kzobSt8ozHf+wsCe+ahxsg51Vy0=
github.com/tarm/serial v0.0.0-20180830185346-98f6abe2eb07 h1:UyzmZLoiDWMRywV4DUYb9Fbt8uiOSooupjTq10vpvnU=
github.com/tarm/serial v0.0.0-20180830185346-98f6abe2eb07/go.mod h1:kDXzergiv9cbyO7IOYJZWg1U88JhDg3PB6klq9Hg2pA=
golang.org/x/sync v0.1.0 h1:wsuoTGHzEhffawBOhz5CYhcrV4IdKZbEyZjBMuTp12o=
golang.org/x/sync v0.1.0/go.mod h1:RxMgew5VJxzue5/jJTE5uejpjVlOe/izrB70Jof72aM=
golang.org/x/sys v0.0.0-20220513210249-45d2b4557a2a h1:N2T1jUrTQE9Re6TFF5PhvEHXHCguynGhKjWVsIUt5cY=
golang.org/x/sys v0.0.0-20220513210249-45d2b4557a2a/go.mod h1:oPkhp1MJrh7nUepCBck5+mAzfO9JrbApNNgaTdGDITg=
