github.com/caarlos0/env/v6 v6.10.1 h1:t1mPSxNpei6M5yAeu1qtRdPAK29Nbcf/n3G7x+b3/II=
github.com/caarlos0/env/v6 v6.10.1/go.mod h1:hvp/ryKXKipEkcuYjs9mI4bBCg+UI0Yhgm5Zu0ddvwc=
github.com/pyroscope-io/client v0.7.0 h1:LWuuqPQ1oa6x7BnmUOuo/aGwdX85QGhWZUBYWWW3zdk=
github.com/pyroscope-io/client v0.7.0/go.mod h1:4h21iOU4pUOq0prKyDlvYRL+SCKsBc5wKiEtV+rJGqU=
github.com/pyroscope-io/godeltaprof v0.1.0 h1:UBqtjt0yZi4jTxqZmLAs34XG6ycS3vUTlhEUSq4NHLE=
github.com/pyroscope-io/godeltaprof v0.1.0/go.mod h1:psMITXp90+8pFenXkKIpNhrfmI9saQnPbba27VIaiQE=
